// !$*UTF8*$!
{
	archiveVersion = 1;
	classes = {
	};
	objectVersion = 56;
	objects = {

/* Begin PBXBuildFile section */
		0CFDA1CA293BFBC300D41742 /* AppDelegate.swift in Sources */ = {isa = PBXBuildFile; fileRef = 0CFDA1C9293BFBC300D41742 /* AppDelegate.swift */; };
		0CFDA1CC293BFBC300D41742 /* SceneDelegate.swift in Sources */ = {isa = PBXBuildFile; fileRef = 0CFDA1CB293BFBC300D41742 /* SceneDelegate.swift */; };
		0CFDA1CE293BFBC300D41742 /* ViewController.swift in Sources */ = {isa = PBXBuildFile; fileRef = 0CFDA1CD293BFBC300D41742 /* ViewController.swift */; };
		0CFDA1D1293BFBC300D41742 /* Main.storyboard in Resources */ = {isa = PBXBuildFile; fileRef = 0CFDA1CF293BFBC300D41742 /* Main.storyboard */; };
		0CFDA1D3293BFBC400D41742 /* Assets.xcassets in Resources */ = {isa = PBXBuildFile; fileRef = 0CFDA1D2293BFBC400D41742 /* Assets.xcassets */; };
		0CFDA1D6293BFBC400D41742 /* LaunchScreen.storyboard in Resources */ = {isa = PBXBuildFile; fileRef = 0CFDA1D4293BFBC400D41742 /* LaunchScreen.storyboard */; };
		0CFDA1E1293BFBC400D41742 /* BazarSimulationTests.swift in Sources */ = {isa = PBXBuildFile; fileRef = 0CFDA1E0293BFBC400D41742 /* BazarSimulationTests.swift */; };
		0CFDA1EB293BFBC400D41742 /* BazarSimulationUITests.swift in Sources */ = {isa = PBXBuildFile; fileRef = 0CFDA1EA293BFBC400D41742 /* BazarSimulationUITests.swift */; };
		0CFDA1ED293BFBC400D41742 /* BazarSimulationUITestsLaunchTests.swift in Sources */ = {isa = PBXBuildFile; fileRef = 0CFDA1EC293BFBC400D41742 /* BazarSimulationUITestsLaunchTests.swift */; };
/* End PBXBuildFile section */

/* Begin PBXContainerItemProxy section */
		0CFDA1DD293BFBC400D41742 /* PBXContainerItemProxy */ = {
			isa = PBXContainerItemProxy;
			containerPortal = 0CFDA1BE293BFBC300D41742 /* Project object */;
			proxyType = 1;
			remoteGlobalIDString = 0CFDA1C5293BFBC300D41742;
			remoteInfo = BazarSimulation;
		};
		0CFDA1E7293BFBC400D41742 /* PBXContainerItemProxy */ = {
			isa = PBXContainerItemProxy;
			containerPortal = 0CFDA1BE293BFBC300D41742 /* Project object */;
			proxyType = 1;
			remoteGlobalIDString = 0CFDA1C5293BFBC300D41742;
			remoteInfo = BazarSimulation;
		};
/* End PBXContainerItemProxy section */

/* Begin PBXFileReference section */
		0CFDA1C6293BFBC300D41742 /* BazarSimulation.app */ = {isa = PBXFileReference; explicitFileType = wrapper.application; includeInIndex = 0; path = BazarSimulation.app; sourceTree = BUILT_PRODUCTS_DIR; };
		0CFDA1C9293BFBC300D41742 /* AppDelegate.swift */ = {isa = PBXFileReference; lastKnownFileType = sourcecode.swift; path = AppDelegate.swift; sourceTree = "<group>"; };
		0CFDA1CB293BFBC300D41742 /* SceneDelegate.swift */ = {isa = PBXFileReference; lastKnownFileType = sourcecode.swift; path = SceneDelegate.swift; sourceTree = "<group>"; };
		0CFDA1CD293BFBC300D41742 /* ViewController.swift */ = {isa = PBXFileReference; lastKnownFileType = sourcecode.swift; path = ViewController.swift; sourceTree = "<group>"; };
		0CFDA1D0293BFBC300D41742 /* Base */ = {isa = PBXFileReference; lastKnownFileType = file.storyboard; name = Base; path = Base.lproj/Main.storyboard; sourceTree = "<group>"; };
		0CFDA1D2293BFBC400D41742 /* Assets.xcassets */ = {isa = PBXFileReference; lastKnownFileType = folder.assetcatalog; path = Assets.xcassets; sourceTree = "<group>"; };
		0CFDA1D5293BFBC400D41742 /* Base */ = {isa = PBXFileReference; lastKnownFileType = file.storyboard; name = Base; path = Base.lproj/LaunchScreen.storyboard; sourceTree = "<group>"; };
		0CFDA1D7293BFBC400D41742 /* Info.plist */ = {isa = PBXFileReference; lastKnownFileType = text.plist.xml; path = Info.plist; sourceTree = "<group>"; };
		0CFDA1DC293BFBC400D41742 /* BazarSimulationTests.xctest */ = {isa = PBXFileReference; explicitFileType = wrapper.cfbundle; includeInIndex = 0; path = BazarSimulationTests.xctest; sourceTree = BUILT_PRODUCTS_DIR; };
		0CFDA1E0293BFBC400D41742 /* BazarSimulationTests.swift */ = {isa = PBXFileReference; lastKnownFileType = sourcecode.swift; path = BazarSimulationTests.swift; sourceTree = "<group>"; };
		0CFDA1E6293BFBC400D41742 /* BazarSimulationUITests.xctest */ = {isa = PBXFileReference; explicitFileType = wrapper.cfbundle; includeInIndex = 0; path = BazarSimulationUITests.xctest; sourceTree = BUILT_PRODUCTS_DIR; };
		0CFDA1EA293BFBC400D41742 /* BazarSimulationUITests.swift */ = {isa = PBXFileReference; lastKnownFileType = sourcecode.swift; path = BazarSimulationUITests.swift; sourceTree = "<group>"; };
		0CFDA1EC293BFBC400D41742 /* BazarSimulationUITestsLaunchTests.swift */ = {isa = PBXFileReference; lastKnownFileType = sourcecode.swift; path = BazarSimulationUITestsLaunchTests.swift; sourceTree = "<group>"; };
/* End PBXFileReference section */

/* Begin PBXFrameworksBuildPhase section */
		0CFDA1C3293BFBC300D41742 /* Frameworks */ = {
			isa = PBXFrameworksBuildPhase;
			buildActionMask = 2147483647;
			files = (
			);
			runOnlyForDeploymentPostprocessing = 0;
		};
		0CFDA1D9293BFBC400D41742 /* Frameworks */ = {
			isa = PBXFrameworksBuildPhase;
			buildActionMask = 2147483647;
			files = (
			);
			runOnlyForDeploymentPostprocessing = 0;
		};
		0CFDA1E3293BFBC400D41742 /* Frameworks */ = {
			isa = PBXFrameworksBuildPhase;
			buildActionMask = 2147483647;
			files = (
			);
			runOnlyForDeploymentPostprocessing = 0;
		};
/* End PBXFrameworksBuildPhase section */

/* Begin PBXGroup section */
		0CFDA1BD293BFBC300D41742 = {
			isa = PBXGroup;
			children = (
				0CFDA1C8293BFBC300D41742 /* BazarSimulation */,
				0CFDA1DF293BFBC400D41742 /* BazarSimulationTests */,
				0CFDA1E9293BFBC400D41742 /* BazarSimulationUITests */,
				0CFDA1C7293BFBC300D41742 /* Products */,
			);
			sourceTree = "<group>";
		};
		0CFDA1C7293BFBC300D41742 /* Products */ = {
			isa = PBXGroup;
			children = (
				0CFDA1C6293BFBC300D41742 /* BazarSimulation.app */,
				0CFDA1DC293BFBC400D41742 /* BazarSimulationTests.xctest */,
				0CFDA1E6293BFBC400D41742 /* BazarSimulationUITests.xctest */,
			);
			name = Products;
			sourceTree = "<group>";
		};
		0CFDA1C8293BFBC300D41742 /* BazarSimulation */ = {
			isa = PBXGroup;
			children = (
				0CFDA1C9293BFBC300D41742 /* AppDelegate.swift */,
				0CFDA1CB293BFBC300D41742 /* SceneDelegate.swift */,
				0CFDA1CD293BFBC300D41742 /* ViewController.swift */,
				0CFDA1CF293BFBC300D41742 /* Main.storyboard */,
				0CFDA1D2293BFBC400D41742 /* Assets.xcassets */,
				0CFDA1D4293BFBC400D41742 /* LaunchScreen.storyboard */,
				0CFDA1D7293BFBC400D41742 /* Info.plist */,
			);
			path = BazarSimulation;
			sourceTree = "<group>";
		};
		0CFDA1DF293BFBC400D41742 /* BazarSimulationTests */ = {
			isa = PBXGroup;
			children = (
				0CFDA1E0293BFBC400D41742 /* BazarSimulationTests.swift */,
			);
			path = BazarSimulationTests;
			sourceTree = "<group>";
		};
		0CFDA1E9293BFBC400D41742 /* BazarSimulationUITests */ = {
			isa = PBXGroup;
			children = (
				0CFDA1EA293BFBC400D41742 /* BazarSimulationUITests.swift */,
				0CFDA1EC293BFBC400D41742 /* BazarSimulationUITestsLaunchTests.swift */,
			);
			path = BazarSimulationUITests;
			sourceTree = "<group>";
		};
/* End PBXGroup section */

/* Begin PBXNativeTarget section */
		0CFDA1C5293BFBC300D41742 /* BazarSimulation */ = {
			isa = PBXNativeTarget;
			buildConfigurationList = 0CFDA1F0293BFBC400D41742 /* Build configuration list for PBXNativeTarget "BazarSimulation" */;
			buildPhases = (
				0CFDA1C2293BFBC300D41742 /* Sources */,
				0CFDA1C3293BFBC300D41742 /* Frameworks */,
				0CFDA1C4293BFBC300D41742 /* Resources */,
			);
			buildRules = (
			);
			dependencies = (
			);
			name = BazarSimulation;
			productName = BazarSimulation;
			productReference = 0CFDA1C6293BFBC300D41742 /* BazarSimulation.app */;
			productType = "com.apple.product-type.application";
		};
		0CFDA1DB293BFBC400D41742 /* BazarSimulationTests */ = {
			isa = PBXNativeTarget;
			buildConfigurationList = 0CFDA1F3293BFBC400D41742 /* Build configuration list for PBXNativeTarget "BazarSimulationTests" */;
			buildPhases = (
				0CFDA1D8293BFBC400D41742 /* Sources */,
				0CFDA1D9293BFBC400D41742 /* Frameworks */,
				0CFDA1DA293BFBC400D41742 /* Resources */,
			);
			buildRules = (
			);
			dependencies = (
				0CFDA1DE293BFBC400D41742 /* PBXTargetDependency */,
			);
			name = BazarSimulationTests;
			productName = BazarSimulationTests;
			productReference = 0CFDA1DC293BFBC400D41742 /* BazarSimulationTests.xctest */;
			productType = "com.apple.product-type.bundle.unit-test";
		};
		0CFDA1E5293BFBC400D41742 /* BazarSimulationUITests */ = {
			isa = PBXNativeTarget;
			buildConfigurationList = 0CFDA1F6293BFBC400D41742 /* Build configuration list for PBXNativeTarget "BazarSimulationUITests" */;
			buildPhases = (
				0CFDA1E2293BFBC400D41742 /* Sources */,
				0CFDA1E3293BFBC400D41742 /* Frameworks */,
				0CFDA1E4293BFBC400D41742 /* Resources */,
			);
			buildRules = (
			);
			dependencies = (
				0CFDA1E8293BFBC400D41742 /* PBXTargetDependency */,
			);
			name = BazarSimulationUITests;
			productName = BazarSimulationUITests;
			productReference = 0CFDA1E6293BFBC400D41742 /* BazarSimulationUITests.xctest */;
			productType = "com.apple.product-type.bundle.ui-testing";
		};
/* End PBXNativeTarget section */

/* Begin PBXProject section */
		0CFDA1BE293BFBC300D41742 /* Project object */ = {
			isa = PBXProject;
			attributes = {
				BuildIndependentTargetsInParallel = 1;
				LastSwiftUpdateCheck = 1410;
				LastUpgradeCheck = 1410;
				TargetAttributes = {
					0CFDA1C5293BFBC300D41742 = {
						CreatedOnToolsVersion = 14.1;
					};
					0CFDA1DB293BFBC400D41742 = {
						CreatedOnToolsVersion = 14.1;
						TestTargetID = 0CFDA1C5293BFBC300D41742;
					};
					0CFDA1E5293BFBC400D41742 = {
						CreatedOnToolsVersion = 14.1;
						TestTargetID = 0CFDA1C5293BFBC300D41742;
					};
				};
			};
			buildConfigurationList = 0CFDA1C1293BFBC300D41742 /* Build configuration list for PBXProject "BazarSimulation" */;
			compatibilityVersion = "Xcode 14.0";
			developmentRegion = en;
			hasScannedForEncodings = 0;
			knownRegions = (
				en,
				Base,
			);
			mainGroup = 0CFDA1BD293BFBC300D41742;
			productRefGroup = 0CFDA1C7293BFBC300D41742 /* Products */;
			projectDirPath = "";
			projectRoot = "";
			targets = (
				0CFDA1C5293BFBC300D41742 /* BazarSimulation */,
				0CFDA1DB293BFBC400D41742 /* BazarSimulationTests */,
				0CFDA1E5293BFBC400D41742 /* BazarSimulationUITests */,
			);
		};
/* End PBXProject section */

/* Begin PBXResourcesBuildPhase section */
		0CFDA1C4293BFBC300D41742 /* Resources */ = {
			isa = PBXResourcesBuildPhase;
			buildActionMask = 2147483647;
			files = (
				0CFDA1D6293BFBC400D41742 /* LaunchScreen.storyboard in Resources */,
				0CFDA1D3293BFBC400D41742 /* Assets.xcassets in Resources */,
				0CFDA1D1293BFBC300D41742 /* Main.storyboard in Resources */,
			);
			runOnlyForDeploymentPostprocessing = 0;
		};
		0CFDA1DA293BFBC400D41742 /* Resources */ = {
			isa = PBXResourcesBuildPhase;
			buildActionMask = 2147483647;
			files = (
			);
			runOnlyForDeploymentPostprocessing = 0;
		};
		0CFDA1E4293BFBC400D41742 /* Resources */ = {
			isa = PBXResourcesBuildPhase;
			buildActionMask = 2147483647;
			files = (
			);
			runOnlyForDeploymentPostprocessing = 0;
		};
/* End PBXResourcesBuildPhase section */

/* Begin PBXSourcesBuildPhase section */
		0CFDA1C2293BFBC300D41742 /* Sources */ = {
			isa = PBXSourcesBuildPhase;
			buildActionMask = 2147483647;
			files = (
				0CFDA1CE293BFBC300D41742 /* ViewController.swift in Sources */,
				0CFDA1CA293BFBC300D41742 /* AppDelegate.swift in Sources */,
				0CFDA1CC293BFBC300D41742 /* SceneDelegate.swift in Sources */,
			);
			runOnlyForDeploymentPostprocessing = 0;
		};
		0CFDA1D8293BFBC400D41742 /* Sources */ = {
			isa = PBXSourcesBuildPhase;
			buildActionMask = 2147483647;
			files = (
				0CFDA1E1293BFBC400D41742 /* BazarSimulationTests.swift in Sources */,
			);
			runOnlyForDeploymentPostprocessing = 0;
		};
		0CFDA1E2293BFBC400D41742 /* Sources */ = {
			isa = PBXSourcesBuildPhase;
			buildActionMask = 2147483647;
			files = (
				0CFDA1ED293BFBC400D41742 /* BazarSimulationUITestsLaunchTests.swift in Sources */,
				0CFDA1EB293BFBC400D41742 /* BazarSimulationUITests.swift in Sources */,
			);
			runOnlyForDeploymentPostprocessing = 0;
		};
/* End PBXSourcesBuildPhase section */

/* Begin PBXTargetDependency section */
		0CFDA1DE293BFBC400D41742 /* PBXTargetDependency */ = {
			isa = PBXTargetDependency;
			target = 0CFDA1C5293BFBC300D41742 /* BazarSimulation */;
			targetProxy = 0CFDA1DD293BFBC400D41742 /* PBXContainerItemProxy */;
		};
		0CFDA1E8293BFBC400D41742 /* PBXTargetDependency */ = {
			isa = PBXTargetDependency;
			target = 0CFDA1C5293BFBC300D41742 /* BazarSimulation */;
			targetProxy = 0CFDA1E7293BFBC400D41742 /* PBXContainerItemProxy */;
		};
/* End PBXTargetDependency section */

/* Begin PBXVariantGroup section */
		0CFDA1CF293BFBC300D41742 /* Main.storyboard */ = {
			isa = PBXVariantGroup;
			children = (
				0CFDA1D0293BFBC300D41742 /* Base */,
			);
			name = Main.storyboard;
			sourceTree = "<group>";
		};
		0CFDA1D4293BFBC400D41742 /* LaunchScreen.storyboard */ = {
			isa = PBXVariantGroup;
			children = (
				0CFDA1D5293BFBC400D41742 /* Base */,
			);
			name = LaunchScreen.storyboard;
			sourceTree = "<group>";
		};
/* End PBXVariantGroup section */

/* Begin XCBuildConfiguration section */
		0CFDA1EE293BFBC400D41742 /* Debug */ = {
			isa = XCBuildConfiguration;
			buildSettings = {
				ALWAYS_SEARCH_USER_PATHS = NO;
				CLANG_ANALYZER_NONNULL = YES;
				CLANG_ANALYZER_NUMBER_OBJECT_CONVERSION = YES_AGGRESSIVE;
				CLANG_CXX_LANGUAGE_STANDARD = "gnu++20";
				CLANG_ENABLE_MODULES = YES;
				CLANG_ENABLE_OBJC_ARC = YES;
				CLANG_ENABLE_OBJC_WEAK = YES;
				CLANG_WARN_BLOCK_CAPTURE_AUTORELEASING = YES;
				CLANG_WARN_BOOL_CONVERSION = YES;
				CLANG_WARN_COMMA = YES;
				CLANG_WARN_CONSTANT_CONVERSION = YES;
				CLANG_WARN_DEPRECATED_OBJC_IMPLEMENTATIONS = YES;
				CLANG_WARN_DIRECT_OBJC_ISA_USAGE = YES_ERROR;
				CLANG_WARN_DOCUMENTATION_COMMENTS = YES;
				CLANG_WARN_EMPTY_BODY = YES;
				CLANG_WARN_ENUM_CONVERSION = YES;
				CLANG_WARN_INFINITE_RECURSION = YES;
				CLANG_WARN_INT_CONVERSION = YES;
				CLANG_WARN_NON_LITERAL_NULL_CONVERSION = YES;
				CLANG_WARN_OBJC_IMPLICIT_RETAIN_SELF = YES;
				CLANG_WARN_OBJC_LITERAL_CONVERSION = YES;
				CLANG_WARN_OBJC_ROOT_CLASS = YES_ERROR;
				CLANG_WARN_QUOTED_INCLUDE_IN_FRAMEWORK_HEADER = YES;
				CLANG_WARN_RANGE_LOOP_ANALYSIS = YES;
				CLANG_WARN_STRICT_PROTOTYPES = YES;
				CLANG_WARN_SUSPICIOUS_MOVE = YES;
				CLANG_WARN_UNGUARDED_AVAILABILITY = YES_AGGRESSIVE;
				CLANG_WARN_UNREACHABLE_CODE = YES;
				CLANG_WARN__DUPLICATE_METHOD_MATCH = YES;
				COPY_PHASE_STRIP = NO;
				DEBUG_INFORMATION_FORMAT = dwarf;
				ENABLE_STRICT_OBJC_MSGSEND = YES;
				ENABLE_TESTABILITY = YES;
				GCC_C_LANGUAGE_STANDARD = gnu11;
				GCC_DYNAMIC_NO_PIC = NO;
				GCC_NO_COMMON_BLOCKS = YES;
				GCC_OPTIMIZATION_LEVEL = 0;
				GCC_PREPROCESSOR_DEFINITIONS = (
					"DEBUG=1",
					"$(inherited)",
				);
				GCC_WARN_64_TO_32_BIT_CONVERSION = YES;
				GCC_WARN_ABOUT_RETURN_TYPE = YES_ERROR;
				GCC_WARN_UNDECLARED_SELECTOR = YES;
				GCC_WARN_UNINITIALIZED_AUTOS = YES_AGGRESSIVE;
				GCC_WARN_UNUSED_FUNCTION = YES;
				GCC_WARN_UNUSED_VARIABLE = YES;
				IPHONEOS_DEPLOYMENT_TARGET = 16.1;
				MTL_ENABLE_DEBUG_INFO = INCLUDE_SOURCE;
				MTL_FAST_MATH = YES;
				ONLY_ACTIVE_ARCH = YES;
				SDKROOT = iphoneos;
				SWIFT_ACTIVE_COMPILATION_CONDITIONS = DEBUG;
				SWIFT_OPTIMIZATION_LEVEL = "-Onone";
			};
			name = Debug;
		};
		0CFDA1EF293BFBC400D41742 /* Release */ = {
			isa = XCBuildConfiguration;
			buildSettings = {
				ALWAYS_SEARCH_USER_PATHS = NO;
				CLANG_ANALYZER_NONNULL = YES;
				CLANG_ANALYZER_NUMBER_OBJECT_CONVERSION = YES_AGGRESSIVE;
				CLANG_CXX_LANGUAGE_STANDARD = "gnu++20";
				CLANG_ENABLE_MODULES = YES;
				CLANG_ENABLE_OBJC_ARC = YES;
				CLANG_ENABLE_OBJC_WEAK = YES;
				CLANG_WARN_BLOCK_CAPTURE_AUTORELEASING = YES;
				CLANG_WARN_BOOL_CONVERSION = YES;
				CLANG_WARN_COMMA = YES;
				CLANG_WARN_CONSTANT_CONVERSION = YES;
				CLANG_WARN_DEPRECATED_OBJC_IMPLEMENTATIONS = YES;
				CLANG_WARN_DIRECT_OBJC_ISA_USAGE = YES_ERROR;
				CLANG_WARN_DOCUMENTATION_COMMENTS = YES;
				CLANG_WARN_EMPTY_BODY = YES;
				CLANG_WARN_ENUM_CONVERSION = YES;
				CLANG_WARN_INFINITE_RECURSION = YES;
				CLANG_WARN_INT_CONVERSION = YES;
				CLANG_WARN_NON_LITERAL_NULL_CONVERSION = YES;
				CLANG_WARN_OBJC_IMPLICIT_RETAIN_SELF = YES;
				CLANG_WARN_OBJC_LITERAL_CONVERSION = YES;
				CLANG_WARN_OBJC_ROOT_CLASS = YES_ERROR;
				CLANG_WARN_QUOTED_INCLUDE_IN_FRAMEWORK_HEADER = YES;
				CLANG_WARN_RANGE_LOOP_ANALYSIS = YES;
				CLANG_WARN_STRICT_PROTOTYPES = YES;
				CLANG_WARN_SUSPICIOUS_MOVE = YES;
				CLANG_WARN_UNGUARDED_AVAILABILITY = YES_AGGRESSIVE;
				CLANG_WARN_UNREACHABLE_CODE = YES;
				CLANG_WARN__DUPLICATE_METHOD_MATCH = YES;
				COPY_PHASE_STRIP = NO;
				DEBUG_INFORMATION_FORMAT = "dwarf-with-dsym";
				ENABLE_NS_ASSERTIONS = NO;
				ENABLE_STRICT_OBJC_MSGSEND = YES;
				GCC_C_LANGUAGE_STANDARD = gnu11;
				GCC_NO_COMMON_BLOCKS = YES;
				GCC_WARN_64_TO_32_BIT_CONVERSION = YES;
				GCC_WARN_ABOUT_RETURN_TYPE = YES_ERROR;
				GCC_WARN_UNDECLARED_SELECTOR = YES;
				GCC_WARN_UNINITIALIZED_AUTOS = YES_AGGRESSIVE;
				GCC_WARN_UNUSED_FUNCTION = YES;
				GCC_WARN_UNUSED_VARIABLE = YES;
				IPHONEOS_DEPLOYMENT_TARGET = 16.1;
				MTL_ENABLE_DEBUG_INFO = NO;
				MTL_FAST_MATH = YES;
				SDKROOT = iphoneos;
				SWIFT_COMPILATION_MODE = wholemodule;
				SWIFT_OPTIMIZATION_LEVEL = "-O";
				VALIDATE_PRODUCT = YES;
			};
			name = Release;
		};
		0CFDA1F1293BFBC400D41742 /* Debug */ = {
			isa = XCBuildConfiguration;
			buildSettings = {
				ASSETCATALOG_COMPILER_APPICON_NAME = AppIcon;
				ASSETCATALOG_COMPILER_GLOBAL_ACCENT_COLOR_NAME = AccentColor;
				CODE_SIGN_STYLE = Automatic;
				CURRENT_PROJECT_VERSION = 1;
				GENERATE_INFOPLIST_FILE = YES;
				INFOPLIST_FILE = BazarSimulation/Info.plist;
				INFOPLIST_KEY_UIApplicationSupportsIndirectInputEvents = YES;
				INFOPLIST_KEY_UILaunchStoryboardName = LaunchScreen;
				INFOPLIST_KEY_UIMainStoryboardFile = Main;
				INFOPLIST_KEY_UISupportedInterfaceOrientations_iPad = "UIInterfaceOrientationPortrait UIInterfaceOrientationPortraitUpsideDown UIInterfaceOrientationLandscapeLeft UIInterfaceOrientationLandscapeRight";
				INFOPLIST_KEY_UISupportedInterfaceOrientations_iPhone = "UIInterfaceOrientationPortrait UIInterfaceOrientationLandscapeLeft UIInterfaceOrientationLandscapeRight";
				LD_RUNPATH_SEARCH_PATHS = (
					"$(inherited)",
					"@executable_path/Frameworks",
				);
				MARKETING_VERSION = 1.0;
				PRODUCT_BUNDLE_IDENTIFIER = com.ahlam.BazarSimulation;
				PRODUCT_NAME = "$(TARGET_NAME)";
				SWIFT_EMIT_LOC_STRINGS = YES;
				SWIFT_VERSION = 5.0;
				TARGETED_DEVICE_FAMILY = "1,2";
			};
			name = Debug;
		};
		0CFDA1F2293BFBC400D41742 /* Release */ = {
			isa = XCBuildConfiguration;
			buildSettings = {
				ASSETCATALOG_COMPILER_APPICON_NAME = AppIcon;
				ASSETCATALOG_COMPILER_GLOBAL_ACCENT_COLOR_NAME = AccentColor;
				CODE_SIGN_STYLE = Automatic;
				CURRENT_PROJECT_VERSION = 1;
				GENERATE_INFOPLIST_FILE = YES;
				INFOPLIST_FILE = BazarSimulation/Info.plist;
				INFOPLIST_KEY_UIApplicationSupportsIndirectInputEvents = YES;
				INFOPLIST_KEY_UILaunchStoryboardName = LaunchScreen;
				INFOPLIST_KEY_UIMainStoryboardFile = Main;
				INFOPLIST_KEY_UISupportedInterfaceOrientations_iPad = "UIInterfaceOrientationPortrait UIInterfaceOrientationPortraitUpsideDown UIInterfaceOrientationLandscapeLeft UIInterfaceOrientationLandscapeRight";
				INFOPLIST_KEY_UISupportedInterfaceOrientations_iPhone = "UIInterfaceOrientationPortrait UIInterfaceOrientationLandscapeLeft UIInterfaceOrientationLandscapeRight";
				LD_RUNPATH_SEARCH_PATHS = (
					"$(inherited)",
					"@executable_path/Frameworks",
				);
				MARKETING_VERSION = 1.0;
				PRODUCT_BUNDLE_IDENTIFIER = com.ahlam.BazarSimulation;
				PRODUCT_NAME = "$(TARGET_NAME)";
				SWIFT_EMIT_LOC_STRINGS = YES;
				SWIFT_VERSION = 5.0;
				TARGETED_DEVICE_FAMILY = "1,2";
			};
			name = Release;
		};
		0CFDA1F4293BFBC400D41742 /* Debug */ = {
			isa = XCBuildConfiguration;
			buildSettings = {
				ALWAYS_EMBED_SWIFT_STANDARD_LIBRARIES = YES;
				BUNDLE_LOADER = "$(TEST_HOST)";
				CODE_SIGN_STYLE = Automatic;
				CURRENT_PROJECT_VERSION = 1;
				GENERATE_INFOPLIST_FILE = YES;
				IPHONEOS_DEPLOYMENT_TARGET = 16.1;
				MARKETING_VERSION = 1.0;
				PRODUCT_BUNDLE_IDENTIFIER = com.ahlam.BazarSimulationTests;
				PRODUCT_NAME = "$(TARGET_NAME)";
				SWIFT_EMIT_LOC_STRINGS = NO;
				SWIFT_VERSION = 5.0;
				TARGETED_DEVICE_FAMILY = "1,2";
				TEST_HOST = "$(BUILT_PRODUCTS_DIR)/BazarSimulation.app/$(BUNDLE_EXECUTABLE_FOLDER_PATH)/BazarSimulation";
			};
			name = Debug;
		};
		0CFDA1F5293BFBC400D41742 /* Release */ = {
			isa = XCBuildConfiguration;
			buildSettings = {
				ALWAYS_EMBED_SWIFT_STANDARD_LIBRARIES = YES;
				BUNDLE_LOADER = "$(TEST_HOST)";
				CODE_SIGN_STYLE = Automatic;
				CURRENT_PROJECT_VERSION = 1;
				GENERATE_INFOPLIST_FILE = YES;
				IPHONEOS_DEPLOYMENT_TARGET = 16.1;
				MARKETING_VERSION = 1.0;
				PRODUCT_BUNDLE_IDENTIFIER = com.ahlam.BazarSimulationTests;
				PRODUCT_NAME = "$(TARGET_NAME)";
				SWIFT_EMIT_LOC_STRINGS = NO;
				SWIFT_VERSION = 5.0;
				TARGETED_DEVICE_FAMILY = "1,2";
				TEST_HOST = "$(BUILT_PRODUCTS_DIR)/BazarSimulation.app/$(BUNDLE_EXECUTABLE_FOLDER_PATH)/BazarSimulation";
			};
			name = Release;
		};
		0CFDA1F7293BFBC400D41742 /* Debug */ = {
			isa = XCBuildConfiguration;
			buildSettings = {
				ALWAYS_EMBED_SWIFT_STANDARD_LIBRARIES = YES;
				CODE_SIGN_STYLE = Automatic;
				CURRENT_PROJECT_VERSION = 1;
				GENERATE_INFOPLIST_FILE = YES;
				MARKETING_VERSION = 1.0;
				PRODUCT_BUNDLE_IDENTIFIER = com.ahlam.BazarSimulationUITests;
				PRODUCT_NAME = "$(TARGET_NAME)";
				SWIFT_EMIT_LOC_STRINGS = NO;
				SWIFT_VERSION = 5.0;
				TARGETED_DEVICE_FAMILY = "1,2";
				TEST_TARGET_NAME = BazarSimulation;
			};
			name = Debug;
		};
		0CFDA1F8293BFBC400D41742 /* Release */ = {
			isa = XCBuildConfiguration;
			buildSettings = {
				ALWAYS_EMBED_SWIFT_STANDARD_LIBRARIES = YES;
				CODE_SIGN_STYLE = Automatic;
				CURRENT_PROJECT_VERSION = 1;
				GENERATE_INFOPLIST_FILE = YES;
				MARKETING_VERSION = 1.0;
				PRODUCT_BUNDLE_IDENTIFIER = com.ahlam.BazarSimulationUITests;
				PRODUCT_NAME = "$(TARGET_NAME)";
				SWIFT_EMIT_LOC_STRINGS = NO;
				SWIFT_VERSION = 5.0;
				TARGETED_DEVICE_FAMILY = "1,2";
				TEST_TARGET_NAME = BazarSimulation;
			};
			name = Release;
		};
/* End XCBuildConfiguration section */

/* Begin XCConfigurationList section */
		0CFDA1C1293BFBC300D41742 /* Build configuration list for PBXProject "BazarSimulation" */ = {
			isa = XCConfigurationList;
			buildConfigurations = (
				0CFDA1EE293BFBC400D41742 /* Debug */,
				0CFDA1EF293BFBC400D41742 /* Release */,
			);
			defaultConfigurationIsVisible = 0;
			defaultConfigurationName = Release;
		};
		0CFDA1F0293BFBC400D41742 /* Build configuration list for PBXNativeTarget "BazarSimulation" */ = {
			isa = XCConfigurationList;
			buildConfigurations = (
				0CFDA1F1293BFBC400D41742 /* Debug */,
				0CFDA1F2293BFBC400D41742 /* Release */,
			);
			defaultConfigurationIsVisible = 0;
			defaultConfigurationName = Release;
		};
		0CFDA1F3293BFBC400D41742 /* Build configuration list for PBXNativeTarget "BazarSimulationTests" */ = {
			isa = XCConfigurationList;
			buildConfigurations = (
				0CFDA1F4293BFBC400D41742 /* Debug */,
				0CFDA1F5293BFBC400D41742 /* Release */,
			);
			defaultConfigurationIsVisible = 0;
			defaultConfigurationName = Release;
		};
		0CFDA1F6293BFBC400D41742 /* Build configuration list for PBXNativeTarget "BazarSimulationUITests" */ = {
			isa = XCConfigurationList;
			buildConfigurations = (
				0CFDA1F7293BFBC400D41742 /* Debug */,
				0CFDA1F8293BFBC400D41742 /* Release */,
			);
			defaultConfigurationIsVisible = 0;
			defaultConfigurationName = Release;
		};
/* End XCConfigurationList section */
	};
	rootObject = 0CFDA1BE293BFBC300D41742 /* Project object */;
}
